
Microsoft Visual Studio Solution File, Format Version 11.00
# Visual Studio 2010
Project("{FAE04EC0-301F-11D3-BF4B-00C04F79EFBC}") = "ServerCyde", "ServerCyde\ServerCyde.csproj", "{53CC1296-41D9-4567-9858-37C08B6FD60E}"
EndProject
Project("{FAE04EC0-301F-11D3-BF4B-00C04F79EFBC}") = "ServerCydeAPI", "ServerCydeAPI\ServerCydeAPI.csproj", "{0CE513C2-6175-4875-A0EC-98164E2C01F3}"
EndProject
Project("{FAE04EC0-301F-11D3-BF4B-00C04F79EFBC}") = "ServerCydeData", "ServerCydeData\ServerCydeData.csproj", "{80E1028F-9D04-4E6F-AEE4-EF064066E8EE}"
EndProject
Global
	GlobalSection(SolutionConfigurationPlatforms) = preSolution
		Debug|Any CPU = Debug|Any CPU
		Release|Any CPU = Release|Any CPU
	EndGlobalSection
	GlobalSection(ProjectConfigurationPlatforms) = postSolution
		{53CC1296-41D9-4567-9858-37C08B6FD60E}.Debug|Any CPU.ActiveCfg = Debug|Any CPU
		{53CC1296-41D9-4567-9858-37C08B6FD60E}.Debug|Any CPU.Build.0 = Debug|Any CPU
		{53CC1296-41D9-4567-9858-37C08B6FD60E}.Release|Any CPU.ActiveCfg = Release|Any CPU
		{53CC1296-41D9-4567-9858-37C08B6FD60E}.Release|Any CPU.Build.0 = Release|Any CPU
		{0CE513C2-6175-4875-A0EC-98164E2C01F3}.Debug|Any CPU.ActiveCfg = Debug|Any CPU
		{0CE513C2-6175-4875-A0EC-98164E2C01F3}.Debug|Any CPU.Build.0 = Debug|Any CPU
		{0CE513C2-6175-4875-A0EC-98164E2C01F3}.Release|Any CPU.ActiveCfg = Release|Any CPU
		{0CE513C2-6175-4875-A0EC-98164E2C01F3}.Release|Any CPU.Build.0 = Release|Any CPU
		{80E1028F-9D04-4E6F-AEE4-EF064066E8EE}.Debug|Any CPU.ActiveCfg = Debug|Any CPU
		{80E1028F-9D04-4E6F-AEE4-EF064066E8EE}.Debug|Any CPU.Build.0 = Debug|Any CPU
		{80E1028F-9D04-4E6F-AEE4-EF064066E8EE}.Release|Any CPU.ActiveCfg = Release|Any CPU
		{80E1028F-9D04-4E6F-AEE4-EF064066E8EE}.Release|Any CPU.Build.0 = Release|Any CPU
	EndGlobalSection
	GlobalSection(SolutionProperties) = preSolution
		HideSolutionNode = FALSE
	EndGlobalSection
EndGlobal
